
Microsoft Visual Studio Solution File, Format Version 12.00
# Visual Studio 15
VisualStudioVersion = 15.0.26730.12
MinimumVisualStudioVersion = 10.0.40219.1
Project("{2150E333-8FDC-42A3-9474-1A3956D46DE8}") = "Samples", "Samples", "{7D52A3EE-AD9E-4782-A3BA-69962C7973DE}"
EndProject
Project("{FAE04EC0-301F-11D3-BF4B-00C04F79EFBC}") = "EasyPatch.WebApi", "EasyPatch.WebApi\EasyPatch.WebApi.csproj", "{5FFF0075-44C3-452D-8E47-D75CB91C5DC6}"
EndProject
Project("{9A19103F-16F7-4668-BE54-9A1E7A4F7556}") = "EasyPatch.CoreApi", "EasyPatch.CoreApi\EasyPatch.CoreApi.csproj", "{A84DFE36-8E4E-4D0B-9FC5-1D961AF18CD2}"
EndProject
Project("{FAE04EC0-301F-11D3-BF4B-00C04F79EFBC}") = "EasyPatch.AspnetCore", "EasyPatch.AspnetCore\EasyPatch.AspnetCore.csproj", "{B49CDE3E-73D0-46A0-8E0F-FDD159E2F5DD}"
EndProject
Project("{FAE04EC0-301F-11D3-BF4B-00C04F79EFBC}") = "EasyPatch.Common", "EasyPatch.Common\EasyPatch.Common.csproj", "{1943FBDF-E3B1-4F9F-B58A-6CF5E396426E}"
EndProject
Project("{FAE04EC0-301F-11D3-BF4B-00C04F79EFBC}") = "EasyPatch.AspNetWebApi", "EasyPatch.AspNetWebApi\EasyPatch.AspNetWebApi.csproj", "{3D6A5109-43D9-4228-97AB-ADACCDC90CF8}"
EndProject
Global
	GlobalSection(SolutionConfigurationPlatforms) = preSolution
		Debug|Any CPU = Debug|Any CPU
		Release|Any CPU = Release|Any CPU
	EndGlobalSection
	GlobalSection(ProjectConfigurationPlatforms) = postSolution
		{5FFF0075-44C3-452D-8E47-D75CB91C5DC6}.Debug|Any CPU.ActiveCfg = Debug|Any CPU
		{5FFF0075-44C3-452D-8E47-D75CB91C5DC6}.Debug|Any CPU.Build.0 = Debug|Any CPU
		{5FFF0075-44C3-452D-8E47-D75CB91C5DC6}.Release|Any CPU.ActiveCfg = Release|Any CPU
		{5FFF0075-44C3-452D-8E47-D75CB91C5DC6}.Release|Any CPU.Build.0 = Release|Any CPU
		{A84DFE36-8E4E-4D0B-9FC5-1D961AF18CD2}.Debug|Any CPU.ActiveCfg = Debug|Any CPU
		{A84DFE36-8E4E-4D0B-9FC5-1D961AF18CD2}.Debug|Any CPU.Build.0 = Debug|Any CPU
		{A84DFE36-8E4E-4D0B-9FC5-1D961AF18CD2}.Release|Any CPU.ActiveCfg = Release|Any CPU
		{A84DFE36-8E4E-4D0B-9FC5-1D961AF18CD2}.Release|Any CPU.Build.0 = Release|Any CPU
		{B49CDE3E-73D0-46A0-8E0F-FDD159E2F5DD}.Debug|Any CPU.ActiveCfg = Debug|Any CPU
		{B49CDE3E-73D0-46A0-8E0F-FDD159E2F5DD}.Debug|Any CPU.Build.0 = Debug|Any CPU
		{B49CDE3E-73D0-46A0-8E0F-FDD159E2F5DD}.Release|Any CPU.ActiveCfg = Release|Any CPU
		{B49CDE3E-73D0-46A0-8E0F-FDD159E2F5DD}.Release|Any CPU.Build.0 = Release|Any CPU
		{1943FBDF-E3B1-4F9F-B58A-6CF5E396426E}.Debug|Any CPU.ActiveCfg = Debug|Any CPU
		{1943FBDF-E3B1-4F9F-B58A-6CF5E396426E}.Debug|Any CPU.Build.0 = Debug|Any CPU
		{1943FBDF-E3B1-4F9F-B58A-6CF5E396426E}.Release|Any CPU.ActiveCfg = Release|Any CPU
		{1943FBDF-E3B1-4F9F-B58A-6CF5E396426E}.Release|Any CPU.Build.0 = Release|Any CPU
		{3D6A5109-43D9-4228-97AB-ADACCDC90CF8}.Debug|Any CPU.ActiveCfg = Debug|Any CPU
		{3D6A5109-43D9-4228-97AB-ADACCDC90CF8}.Debug|Any CPU.Build.0 = Debug|Any CPU
		{3D6A5109-43D9-4228-97AB-ADACCDC90CF8}.Release|Any CPU.ActiveCfg = Release|Any CPU
		{3D6A5109-43D9-4228-97AB-ADACCDC90CF8}.Release|Any CPU.Build.0 = Release|Any CPU
	EndGlobalSection
	GlobalSection(SolutionProperties) = preSolution
		HideSolutionNode = FALSE
	EndGlobalSection
	GlobalSection(NestedProjects) = preSolution
		{5FFF0075-44C3-452D-8E47-D75CB91C5DC6} = {7D52A3EE-AD9E-4782-A3BA-69962C7973DE}
		{A84DFE36-8E4E-4D0B-9FC5-1D961AF18CD2} = {7D52A3EE-AD9E-4782-A3BA-69962C7973DE}
	EndGlobalSection
	GlobalSection(ExtensibilityGlobals) = postSolution
		SolutionGuid = {D029DC9D-13C1-489F-8B98-2817FAC43214}
	EndGlobalSection
EndGlobal
